
Microsoft Visual Studio Solution File, Format Version 12.00
# Visual Studio 15
VisualStudioVersion = 15.0.27130.2027
MinimumVisualStudioVersion = 10.0.40219.1
Project("{FAE04EC0-301F-11D3-BF4B-00C04F79EFBC}") = "DokuExtractorGUI", "DokuExtractorGUI.csproj", "{DB0C52AF-76F0-4367-87E7-1829370D9CA3}"
EndProject
Project("{FAE04EC0-301F-11D3-BF4B-00C04F79EFBC}") = "DokuExtractorCore", "DokuExtractorCore\DokuExtractorCore.csproj", "{7A7F0155-A57F-4F47-9441-A0FD725719CB}"
EndProject
Project("{FAE04EC0-301F-11D3-BF4B-00C04F79EFBC}") = "DokuExtractorTableGUI", "..\DokuExtractorTableGUI\DokuExtractorTableGUI.csproj", "{647A5BD4-1C77-49DB-98A0-07534629A5BD}"
EndProject
Project("{FAE04EC0-301F-11D3-BF4B-00C04F79EFBC}") = "DokuExtractorStandardGUI", "..\DokuExtractorStandardGUI\DokuExtractorStandardGUI.csproj", "{3305CF5D-F4C7-48B0-9D4D-A60F7BB4B61F}"
EndProject
Project("{FAE04EC0-301F-11D3-BF4B-00C04F79EFBC}") = "GdPicturePdfViewer", "..\GdPicturePdfViewer\GdPicturePdfViewer.csproj", "{B2A2182B-50B8-469A-9F7D-E00C43CC63FB}"
EndProject
Project("{FAE04EC0-301F-11D3-BF4B-00C04F79EFBC}") = "TwoLineTableConsoleApp1", "..\TwoLineTableConsolseApp1\TwoLineTableConsoleApp1.csproj", "{A4686D5D-47C8-48BE-B0DE-7F69B5C1E163}"
EndProject
Project("{FAE04EC0-301F-11D3-BF4B-00C04F79EFBC}") = "DokuExtractorCore.Model", "..\DokuExtractorCore.Model\DokuExtractorCore.Model\DokuExtractorCore.Model.csproj", "{F2F88503-5633-4DD3-B4B6-328D1949601C}"
EndProject
Global
	GlobalSection(SolutionConfigurationPlatforms) = preSolution
		Debug|Any CPU = Debug|Any CPU
		Release|Any CPU = Release|Any CPU
	EndGlobalSection
	GlobalSection(ProjectConfigurationPlatforms) = postSolution
		{DB0C52AF-76F0-4367-87E7-1829370D9CA3}.Debug|Any CPU.ActiveCfg = Debug|Any CPU
		{DB0C52AF-76F0-4367-87E7-1829370D9CA3}.Debug|Any CPU.Build.0 = Debug|Any CPU
		{DB0C52AF-76F0-4367-87E7-1829370D9CA3}.Release|Any CPU.ActiveCfg = Release|Any CPU
		{DB0C52AF-76F0-4367-87E7-1829370D9CA3}.Release|Any CPU.Build.0 = Release|Any CPU
		{7A7F0155-A57F-4F47-9441-A0FD725719CB}.Debug|Any CPU.ActiveCfg = Debug|Any CPU
		{7A7F0155-A57F-4F47-9441-A0FD725719CB}.Debug|Any CPU.Build.0 = Debug|Any CPU
		{7A7F0155-A57F-4F47-9441-A0FD725719CB}.Release|Any CPU.ActiveCfg = Release|Any CPU
		{7A7F0155-A57F-4F47-9441-A0FD725719CB}.Release|Any CPU.Build.0 = Release|Any CPU
		{647A5BD4-1C77-49DB-98A0-07534629A5BD}.Debug|Any CPU.ActiveCfg = Debug|Any CPU
		{647A5BD4-1C77-49DB-98A0-07534629A5BD}.Debug|Any CPU.Build.0 = Debug|Any CPU
		{647A5BD4-1C77-49DB-98A0-07534629A5BD}.Release|Any CPU.ActiveCfg = Release|Any CPU
		{647A5BD4-1C77-49DB-98A0-07534629A5BD}.Release|Any CPU.Build.0 = Release|Any CPU
		{3305CF5D-F4C7-48B0-9D4D-A60F7BB4B61F}.Debug|Any CPU.ActiveCfg = Debug|Any CPU
		{3305CF5D-F4C7-48B0-9D4D-A60F7BB4B61F}.Debug|Any CPU.Build.0 = Debug|Any CPU
		{3305CF5D-F4C7-48B0-9D4D-A60F7BB4B61F}.Release|Any CPU.ActiveCfg = Release|Any CPU
		{3305CF5D-F4C7-48B0-9D4D-A60F7BB4B61F}.Release|Any CPU.Build.0 = Release|Any CPU
		{B2A2182B-50B8-469A-9F7D-E00C43CC63FB}.Debug|Any CPU.ActiveCfg = Debug|Any CPU
		{B2A2182B-50B8-469A-9F7D-E00C43CC63FB}.Debug|Any CPU.Build.0 = Debug|Any CPU
		{B2A2182B-50B8-469A-9F7D-E00C43CC63FB}.Release|Any CPU.ActiveCfg = Release|Any CPU
		{B2A2182B-50B8-469A-9F7D-E00C43CC63FB}.Release|Any CPU.Build.0 = Release|Any CPU
		{A4686D5D-47C8-48BE-B0DE-7F69B5C1E163}.Debug|Any CPU.ActiveCfg = Debug|Any CPU
		{A4686D5D-47C8-48BE-B0DE-7F69B5C1E163}.Debug|Any CPU.Build.0 = Debug|Any CPU
		{A4686D5D-47C8-48BE-B0DE-7F69B5C1E163}.Release|Any CPU.ActiveCfg = Release|Any CPU
		{A4686D5D-47C8-48BE-B0DE-7F69B5C1E163}.Release|Any CPU.Build.0 = Release|Any CPU
		{F2F88503-5633-4DD3-B4B6-328D1949601C}.Debug|Any CPU.ActiveCfg = Debug|Any CPU
		{F2F88503-5633-4DD3-B4B6-328D1949601C}.Debug|Any CPU.Build.0 = Debug|Any CPU
		{F2F88503-5633-4DD3-B4B6-328D1949601C}.Release|Any CPU.ActiveCfg = Release|Any CPU
		{F2F88503-5633-4DD3-B4B6-328D1949601C}.Release|Any CPU.Build.0 = Release|Any CPU
	EndGlobalSection
	GlobalSection(SolutionProperties) = preSolution
		HideSolutionNode = FALSE
	EndGlobalSection
	GlobalSection(ExtensibilityGlobals) = postSolution
		SolutionGuid = {88860876-166B-41B9-A0BD-3490E928FF09}
	EndGlobalSection
EndGlobal
