
Microsoft Visual Studio Solution File, Format Version 12.00
# Visual Studio 15
VisualStudioVersion = 15.0.27130.2027
MinimumVisualStudioVersion = 10.0.40219.1
Project("{FAE04EC0-301F-11D3-BF4B-00C04F79EFBC}") = "DokuExtractorGUI", "DokuExtractorGUI.csproj", "{DB0C52AF-76F0-4367-87E7-1829370D9CA3}"
EndProject
Project("{FAE04EC0-301F-11D3-BF4B-00C04F79EFBC}") = "DokuExtractorCore", "DokuExtractorCore\DokuExtractorCore.csproj", "{7A7F0155-A57F-4F47-9441-A0FD725719CB}"
EndProject
Global
	GlobalSection(SolutionConfigurationPlatforms) = preSolution
		Debug|Any CPU = Debug|Any CPU
		Release|Any CPU = Release|Any CPU
	EndGlobalSection
	GlobalSection(ProjectConfigurationPlatforms) = postSolution
		{DB0C52AF-76F0-4367-87E7-1829370D9CA3}.Debug|Any CPU.ActiveCfg = Debug|Any CPU
		{DB0C52AF-76F0-4367-87E7-1829370D9CA3}.Debug|Any CPU.Build.0 = Debug|Any CPU
		{DB0C52AF-76F0-4367-87E7-1829370D9CA3}.Release|Any CPU.ActiveCfg = Release|Any CPU
		{DB0C52AF-76F0-4367-87E7-1829370D9CA3}.Release|Any CPU.Build.0 = Release|Any CPU
		{7A7F0155-A57F-4F47-9441-A0FD725719CB}.Debug|Any CPU.ActiveCfg = Debug|Any CPU
		{7A7F0155-A57F-4F47-9441-A0FD725719CB}.Debug|Any CPU.Build.0 = Debug|Any CPU
		{7A7F0155-A57F-4F47-9441-A0FD725719CB}.Release|Any CPU.ActiveCfg = Release|Any CPU
		{7A7F0155-A57F-4F47-9441-A0FD725719CB}.Release|Any CPU.Build.0 = Release|Any CPU
	EndGlobalSection
	GlobalSection(SolutionProperties) = preSolution
		HideSolutionNode = FALSE
	EndGlobalSection
	GlobalSection(ExtensibilityGlobals) = postSolution
		SolutionGuid = {88860876-166B-41B9-A0BD-3490E928FF09}
	EndGlobalSection
EndGlobal
